
Microsoft Visual Studio Solution File, Format Version 12.00
# Visual Studio Version 16
VisualStudioVersion = 16.0.30611.23
MinimumVisualStudioVersion = 10.0.40219.1
Project("{FAE04EC0-301F-11D3-BF4B-00C04F79EFBC}") = "A290Calculator", "A290Calculator.csproj", "{5398213E-8BD2-46CA-8B87-EC21875E2D4D}"
EndProject
Global
	GlobalSection(SolutionConfigurationPlatforms) = preSolution
		Debug|Any CPU = Debug|Any CPU
		Release|Any CPU = Release|Any CPU
	EndGlobalSection
	GlobalSection(ProjectConfigurationPlatforms) = postSolution
		{5398213E-8BD2-46CA-8B87-EC21875E2D4D}.Debug|Any CPU.ActiveCfg = Debug|Any CPU
		{5398213E-8BD2-46CA-8B87-EC21875E2D4D}.Debug|Any CPU.Build.0 = Debug|Any CPU
		{5398213E-8BD2-46CA-8B87-EC21875E2D4D}.Release|Any CPU.ActiveCfg = Release|Any CPU
		{5398213E-8BD2-46CA-8B87-EC21875E2D4D}.Release|Any CPU.Build.0 = Release|Any CPU
	EndGlobalSection
	GlobalSection(SolutionProperties) = preSolution
		HideSolutionNode = FALSE
	EndGlobalSection
	GlobalSection(ExtensibilityGlobals) = postSolution
		SolutionGuid = {6F28A5CF-7482-4B74-9CBA-A0E85C09E185}
	EndGlobalSection
EndGlobal
