
Microsoft Visual Studio Solution File, Format Version 12.00
# Visual Studio Version 16
VisualStudioVersion = 16.0.30611.23
MinimumVisualStudioVersion = 10.0.40219.1
Project("{FAE04EC0-301F-11D3-BF4B-00C04F79EFBC}") = "PathfindingVisualizer", "PathfindingVisualizer.csproj", "{C36589AA-4A24-4BF4-BDB2-30477EBCA223}"
EndProject
Global
	GlobalSection(SolutionConfigurationPlatforms) = preSolution
		Debug|Any CPU = Debug|Any CPU
		Release|Any CPU = Release|Any CPU
	EndGlobalSection
	GlobalSection(ProjectConfigurationPlatforms) = postSolution
		{C36589AA-4A24-4BF4-BDB2-30477EBCA223}.Debug|Any CPU.ActiveCfg = Debug|Any CPU
		{C36589AA-4A24-4BF4-BDB2-30477EBCA223}.Debug|Any CPU.Build.0 = Debug|Any CPU
		{C36589AA-4A24-4BF4-BDB2-30477EBCA223}.Release|Any CPU.ActiveCfg = Release|Any CPU
		{C36589AA-4A24-4BF4-BDB2-30477EBCA223}.Release|Any CPU.Build.0 = Release|Any CPU
	EndGlobalSection
	GlobalSection(SolutionProperties) = preSolution
		HideSolutionNode = FALSE
	EndGlobalSection
	GlobalSection(ExtensibilityGlobals) = postSolution
		SolutionGuid = {AB58480D-0B2C-4400-841D-55C58B8D3934}
	EndGlobalSection
EndGlobal
